
Microsoft Visual Studio Solution File, Format Version 12.00
# Visual Studio 15
VisualStudioVersion = 15.0.28307.852
MinimumVisualStudioVersion = 10.0.40219.1
Project("{8BC9CEB8-8B4A-11D0-8D11-00A0C91BC942}") = "Q36", "Q36\Q36.vcxproj", "{F5724B4A-ACC8-46BA-BE07-DB37E2D51CD8}"
EndProject
Global
	GlobalSection(SolutionConfigurationPlatforms) = preSolution
		Debug|x64 = Debug|x64
		Debug|x86 = Debug|x86
		Release|x64 = Release|x64
		Release|x86 = Release|x86
	EndGlobalSection
	GlobalSection(ProjectConfigurationPlatforms) = postSolution
		{F5724B4A-ACC8-46BA-BE07-DB37E2D51CD8}.Debug|x64.ActiveCfg = Debug|x64
		{F5724B4A-ACC8-46BA-BE07-DB37E2D51CD8}.Debug|x64.Build.0 = Debug|x64
		{F5724B4A-ACC8-46BA-BE07-DB37E2D51CD8}.Debug|x86.ActiveCfg = Debug|Win32
		{F5724B4A-ACC8-46BA-BE07-DB37E2D51CD8}.Debug|x86.Build.0 = Debug|Win32
		{F5724B4A-ACC8-46BA-BE07-DB37E2D51CD8}.Release|x64.ActiveCfg = Release|x64
		{F5724B4A-ACC8-46BA-BE07-DB37E2D51CD8}.Release|x64.Build.0 = Release|x64
		{F5724B4A-ACC8-46BA-BE07-DB37E2D51CD8}.Release|x86.ActiveCfg = Release|Win32
		{F5724B4A-ACC8-46BA-BE07-DB37E2D51CD8}.Release|x86.Build.0 = Release|Win32
	EndGlobalSection
	GlobalSection(SolutionProperties) = preSolution
		HideSolutionNode = FALSE
	EndGlobalSection
	GlobalSection(ExtensibilityGlobals) = postSolution
		SolutionGuid = {312D010E-C85D-4877-B403-56B37A64A713}
	EndGlobalSection
EndGlobal
