
Microsoft Visual Studio Solution File, Format Version 12.00
# Visual Studio 15
VisualStudioVersion = 15.0.28307.902
MinimumVisualStudioVersion = 10.0.40219.1
Project("{8BC9CEB8-8B4A-11D0-8D11-00A0C91BC942}") = "Q54", "Q54\Q54.vcxproj", "{B76D0C1C-9B9F-41C3-B4E8-3AA925E28558}"
EndProject
Project("{8BC9CEB8-8B4A-11D0-8D11-00A0C91BC942}") = "Q55", "Q55\Q55.vcxproj", "{A99339DC-A920-4E78-9479-5C2EDE15DCCC}"
EndProject
Project("{8BC9CEB8-8B4A-11D0-8D11-00A0C91BC942}") = "Q53", "Q53\Q53.vcxproj", "{9B6376E1-62F5-4A0F-AFCD-516D9330DC98}"
EndProject
Project("{8BC9CEB8-8B4A-11D0-8D11-00A0C91BC942}") = "Q56", "Q56\Q56.vcxproj", "{6ABC49F1-3FBC-49F1-88E6-6EDA5770A147}"
EndProject
Project("{8BC9CEB8-8B4A-11D0-8D11-00A0C91BC942}") = "Q57", "Q57\Q57.vcxproj", "{86EC05A0-B44D-46C4-9971-2D7A0421F8FB}"
EndProject
Project("{8BC9CEB8-8B4A-11D0-8D11-00A0C91BC942}") = "Q58", "Q58\Q58.vcxproj", "{433AE120-7E56-437F-913B-E9F3238788CD}"
EndProject
Project("{8BC9CEB8-8B4A-11D0-8D11-00A0C91BC942}") = "Q59", "Q59\Q59.vcxproj", "{6080EFE9-8C11-46A2-BADA-30CA04FEBEB8}"
EndProject
Project("{8BC9CEB8-8B4A-11D0-8D11-00A0C91BC942}") = "Q60", "Q60\Q60.vcxproj", "{AA332DA0-6A94-4C04-B6F2-41EEFEDFCA8E}"
EndProject
Project("{8BC9CEB8-8B4A-11D0-8D11-00A0C91BC942}") = "Q61", "Q61\Q61.vcxproj", "{9ED440D1-7D90-45FC-9650-2D939BED12B2}"
EndProject
Project("{8BC9CEB8-8B4A-11D0-8D11-00A0C91BC942}") = "Q62", "Q62\Q62.vcxproj", "{D8D81479-1098-42F4-8E40-85FDDA9AAC80}"
EndProject
Global
	GlobalSection(SolutionConfigurationPlatforms) = preSolution
		Debug|x64 = Debug|x64
		Debug|x86 = Debug|x86
		Release|x64 = Release|x64
		Release|x86 = Release|x86
	EndGlobalSection
	GlobalSection(ProjectConfigurationPlatforms) = postSolution
		{B76D0C1C-9B9F-41C3-B4E8-3AA925E28558}.Debug|x64.ActiveCfg = Debug|x64
		{B76D0C1C-9B9F-41C3-B4E8-3AA925E28558}.Debug|x64.Build.0 = Debug|x64
		{B76D0C1C-9B9F-41C3-B4E8-3AA925E28558}.Debug|x86.ActiveCfg = Debug|Win32
		{B76D0C1C-9B9F-41C3-B4E8-3AA925E28558}.Debug|x86.Build.0 = Debug|Win32
		{B76D0C1C-9B9F-41C3-B4E8-3AA925E28558}.Release|x64.ActiveCfg = Release|x64
		{B76D0C1C-9B9F-41C3-B4E8-3AA925E28558}.Release|x64.Build.0 = Release|x64
		{B76D0C1C-9B9F-41C3-B4E8-3AA925E28558}.Release|x86.ActiveCfg = Release|Win32
		{B76D0C1C-9B9F-41C3-B4E8-3AA925E28558}.Release|x86.Build.0 = Release|Win32
		{A99339DC-A920-4E78-9479-5C2EDE15DCCC}.Debug|x64.ActiveCfg = Debug|x64
		{A99339DC-A920-4E78-9479-5C2EDE15DCCC}.Debug|x64.Build.0 = Debug|x64
		{A99339DC-A920-4E78-9479-5C2EDE15DCCC}.Debug|x86.ActiveCfg = Debug|Win32
		{A99339DC-A920-4E78-9479-5C2EDE15DCCC}.Debug|x86.Build.0 = Debug|Win32
		{A99339DC-A920-4E78-9479-5C2EDE15DCCC}.Release|x64.ActiveCfg = Release|x64
		{A99339DC-A920-4E78-9479-5C2EDE15DCCC}.Release|x64.Build.0 = Release|x64
		{A99339DC-A920-4E78-9479-5C2EDE15DCCC}.Release|x86.ActiveCfg = Release|Win32
		{A99339DC-A920-4E78-9479-5C2EDE15DCCC}.Release|x86.Build.0 = Release|Win32
		{9B6376E1-62F5-4A0F-AFCD-516D9330DC98}.Debug|x64.ActiveCfg = Debug|x64
		{9B6376E1-62F5-4A0F-AFCD-516D9330DC98}.Debug|x64.Build.0 = Debug|x64
		{9B6376E1-62F5-4A0F-AFCD-516D9330DC98}.Debug|x86.ActiveCfg = Debug|Win32
		{9B6376E1-62F5-4A0F-AFCD-516D9330DC98}.Debug|x86.Build.0 = Debug|Win32
		{9B6376E1-62F5-4A0F-AFCD-516D9330DC98}.Release|x64.ActiveCfg = Release|x64
		{9B6376E1-62F5-4A0F-AFCD-516D9330DC98}.Release|x64.Build.0 = Release|x64
		{9B6376E1-62F5-4A0F-AFCD-516D9330DC98}.Release|x86.ActiveCfg = Release|Win32
		{9B6376E1-62F5-4A0F-AFCD-516D9330DC98}.Release|x86.Build.0 = Release|Win32
		{6ABC49F1-3FBC-49F1-88E6-6EDA5770A147}.Debug|x64.ActiveCfg = Debug|x64
		{6ABC49F1-3FBC-49F1-88E6-6EDA5770A147}.Debug|x64.Build.0 = Debug|x64
		{6ABC49F1-3FBC-49F1-88E6-6EDA5770A147}.Debug|x86.ActiveCfg = Debug|Win32
		{6ABC49F1-3FBC-49F1-88E6-6EDA5770A147}.Debug|x86.Build.0 = Debug|Win32
		{6ABC49F1-3FBC-49F1-88E6-6EDA5770A147}.Release|x64.ActiveCfg = Release|x64
		{6ABC49F1-3FBC-49F1-88E6-6EDA5770A147}.Release|x64.Build.0 = Release|x64
		{6ABC49F1-3FBC-49F1-88E6-6EDA5770A147}.Release|x86.ActiveCfg = Release|Win32
		{6ABC49F1-3FBC-49F1-88E6-6EDA5770A147}.Release|x86.Build.0 = Release|Win32
		{86EC05A0-B44D-46C4-9971-2D7A0421F8FB}.Debug|x64.ActiveCfg = Debug|x64
		{86EC05A0-B44D-46C4-9971-2D7A0421F8FB}.Debug|x64.Build.0 = Debug|x64
		{86EC05A0-B44D-46C4-9971-2D7A0421F8FB}.Debug|x86.ActiveCfg = Debug|Win32
		{86EC05A0-B44D-46C4-9971-2D7A0421F8FB}.Debug|x86.Build.0 = Debug|Win32
		{86EC05A0-B44D-46C4-9971-2D7A0421F8FB}.Release|x64.ActiveCfg = Release|x64
		{86EC05A0-B44D-46C4-9971-2D7A0421F8FB}.Release|x64.Build.0 = Release|x64
		{86EC05A0-B44D-46C4-9971-2D7A0421F8FB}.Release|x86.ActiveCfg = Release|Win32
		{86EC05A0-B44D-46C4-9971-2D7A0421F8FB}.Release|x86.Build.0 = Release|Win32
		{433AE120-7E56-437F-913B-E9F3238788CD}.Debug|x64.ActiveCfg = Debug|x64
		{433AE120-7E56-437F-913B-E9F3238788CD}.Debug|x64.Build.0 = Debug|x64
		{433AE120-7E56-437F-913B-E9F3238788CD}.Debug|x86.ActiveCfg = Debug|Win32
		{433AE120-7E56-437F-913B-E9F3238788CD}.Debug|x86.Build.0 = Debug|Win32
		{433AE120-7E56-437F-913B-E9F3238788CD}.Release|x64.ActiveCfg = Release|x64
		{433AE120-7E56-437F-913B-E9F3238788CD}.Release|x64.Build.0 = Release|x64
		{433AE120-7E56-437F-913B-E9F3238788CD}.Release|x86.ActiveCfg = Release|Win32
		{433AE120-7E56-437F-913B-E9F3238788CD}.Release|x86.Build.0 = Release|Win32
		{6080EFE9-8C11-46A2-BADA-30CA04FEBEB8}.Debug|x64.ActiveCfg = Debug|x64
		{6080EFE9-8C11-46A2-BADA-30CA04FEBEB8}.Debug|x64.Build.0 = Debug|x64
		{6080EFE9-8C11-46A2-BADA-30CA04FEBEB8}.Debug|x86.ActiveCfg = Debug|Win32
		{6080EFE9-8C11-46A2-BADA-30CA04FEBEB8}.Debug|x86.Build.0 = Debug|Win32
		{6080EFE9-8C11-46A2-BADA-30CA04FEBEB8}.Release|x64.ActiveCfg = Release|x64
		{6080EFE9-8C11-46A2-BADA-30CA04FEBEB8}.Release|x64.Build.0 = Release|x64
		{6080EFE9-8C11-46A2-BADA-30CA04FEBEB8}.Release|x86.ActiveCfg = Release|Win32
		{6080EFE9-8C11-46A2-BADA-30CA04FEBEB8}.Release|x86.Build.0 = Release|Win32
		{AA332DA0-6A94-4C04-B6F2-41EEFEDFCA8E}.Debug|x64.ActiveCfg = Debug|x64
		{AA332DA0-6A94-4C04-B6F2-41EEFEDFCA8E}.Debug|x64.Build.0 = Debug|x64
		{AA332DA0-6A94-4C04-B6F2-41EEFEDFCA8E}.Debug|x86.ActiveCfg = Debug|Win32
		{AA332DA0-6A94-4C04-B6F2-41EEFEDFCA8E}.Debug|x86.Build.0 = Debug|Win32
		{AA332DA0-6A94-4C04-B6F2-41EEFEDFCA8E}.Release|x64.ActiveCfg = Release|x64
		{AA332DA0-6A94-4C04-B6F2-41EEFEDFCA8E}.Release|x64.Build.0 = Release|x64
		{AA332DA0-6A94-4C04-B6F2-41EEFEDFCA8E}.Release|x86.ActiveCfg = Release|Win32
		{AA332DA0-6A94-4C04-B6F2-41EEFEDFCA8E}.Release|x86.Build.0 = Release|Win32
		{9ED440D1-7D90-45FC-9650-2D939BED12B2}.Debug|x64.ActiveCfg = Debug|x64
		{9ED440D1-7D90-45FC-9650-2D939BED12B2}.Debug|x64.Build.0 = Debug|x64
		{9ED440D1-7D90-45FC-9650-2D939BED12B2}.Debug|x86.ActiveCfg = Debug|Win32
		{9ED440D1-7D90-45FC-9650-2D939BED12B2}.Debug|x86.Build.0 = Debug|Win32
		{9ED440D1-7D90-45FC-9650-2D939BED12B2}.Release|x64.ActiveCfg = Release|x64
		{9ED440D1-7D90-45FC-9650-2D939BED12B2}.Release|x64.Build.0 = Release|x64
		{9ED440D1-7D90-45FC-9650-2D939BED12B2}.Release|x86.ActiveCfg = Release|Win32
		{9ED440D1-7D90-45FC-9650-2D939BED12B2}.Release|x86.Build.0 = Release|Win32
		{D8D81479-1098-42F4-8E40-85FDDA9AAC80}.Debug|x64.ActiveCfg = Debug|x64
		{D8D81479-1098-42F4-8E40-85FDDA9AAC80}.Debug|x64.Build.0 = Debug|x64
		{D8D81479-1098-42F4-8E40-85FDDA9AAC80}.Debug|x86.ActiveCfg = Debug|Win32
		{D8D81479-1098-42F4-8E40-85FDDA9AAC80}.Debug|x86.Build.0 = Debug|Win32
		{D8D81479-1098-42F4-8E40-85FDDA9AAC80}.Release|x64.ActiveCfg = Release|x64
		{D8D81479-1098-42F4-8E40-85FDDA9AAC80}.Release|x64.Build.0 = Release|x64
		{D8D81479-1098-42F4-8E40-85FDDA9AAC80}.Release|x86.ActiveCfg = Release|Win32
		{D8D81479-1098-42F4-8E40-85FDDA9AAC80}.Release|x86.Build.0 = Release|Win32
	EndGlobalSection
	GlobalSection(SolutionProperties) = preSolution
		HideSolutionNode = FALSE
	EndGlobalSection
	GlobalSection(ExtensibilityGlobals) = postSolution
		SolutionGuid = {EC2E7C6D-9A5C-4A2C-922E-EBF3C14F8308}
	EndGlobalSection
EndGlobal
